
Microsoft Visual Studio Solution File, Format Version 12.00
# Visual Studio Version 17
VisualStudioVersion = 17.4.33213.308
MinimumVisualStudioVersion = 10.0.40219.1
Project("{F184B08F-C81C-45F6-A57F-5ABD9991F28F}") = "UFLMS", "UFLMS.vbproj", "{44DEBB3F-4AE2-41FD-AEED-8F23275B8E6A}"
EndProject
Global
	GlobalSection(SolutionConfigurationPlatforms) = preSolution
		Debug|Any CPU = Debug|Any CPU
		Release|Any CPU = Release|Any CPU
	EndGlobalSection
	GlobalSection(ProjectConfigurationPlatforms) = postSolution
		{44DEBB3F-4AE2-41FD-AEED-8F23275B8E6A}.Debug|Any CPU.ActiveCfg = Debug|Any CPU
		{44DEBB3F-4AE2-41FD-AEED-8F23275B8E6A}.Debug|Any CPU.Build.0 = Debug|Any CPU
		{44DEBB3F-4AE2-41FD-AEED-8F23275B8E6A}.Release|Any CPU.ActiveCfg = Release|Any CPU
		{44DEBB3F-4AE2-41FD-AEED-8F23275B8E6A}.Release|Any CPU.Build.0 = Release|Any CPU
	EndGlobalSection
	GlobalSection(SolutionProperties) = preSolution
		HideSolutionNode = FALSE
	EndGlobalSection
	GlobalSection(ExtensibilityGlobals) = postSolution
		SolutionGuid = {2D6D125C-DB02-47F0-870B-37815AB97812}
	EndGlobalSection
EndGlobal
